
Microsoft Visual Studio Solution File, Format Version 12.00
# Visual Studio 15
VisualStudioVersion = 15.0.27703.2026
MinimumVisualStudioVersion = 10.0.40219.1
Project("{FAE04EC0-301F-11D3-BF4B-00C04F79EFBC}") = "WorldCup.UI", "WorldCup.UI\WorldCup.UI.csproj", "{15A58431-AB80-49AC-9723-9CE0A94829CD}"
EndProject
Project("{FAE04EC0-301F-11D3-BF4B-00C04F79EFBC}") = "WorldCup.UI.Models", "WorldCup.UI.Models\WorldCup.UI.Models.csproj", "{5ACC041C-77AD-49FE-8662-6150BEDCDAAF}"
EndProject
Project("{FAE04EC0-301F-11D3-BF4B-00C04F79EFBC}") = "WorldCup.Data.Repository", "WorldCup.Data.Repository\WorldCup.Data.Repository.csproj", "{FD1F209C-BDCF-45D0-93C7-6DFF67E6DAA5}"
EndProject
Project("{FAE04EC0-301F-11D3-BF4B-00C04F79EFBC}") = "WorldCup.UI.ViewModels", "WorldCup.UI.ViewModels\WorldCup.UI.ViewModels.csproj", "{E840D3D2-1537-45E7-8A8B-FBA89CECD26A}"
EndProject
Project("{FAE04EC0-301F-11D3-BF4B-00C04F79EFBC}") = "WorldCup.UI.Views", "WorldCup.UI.Views\WorldCup.UI.Views.csproj", "{4CBBCBE8-82E3-4770-8AD3-372C0EC327F9}"
EndProject
Project("{9A19103F-16F7-4668-BE54-9A1E7A4F7556}") = "WorldCup.Api.Dto", "WorldCup.Api.Dto\WorldCup.Api.Dto.csproj", "{C14FF410-585F-4064-802E-28035C7E547D}"
EndProject
Global
	GlobalSection(SolutionConfigurationPlatforms) = preSolution
		Debug|Any CPU = Debug|Any CPU
		Release|Any CPU = Release|Any CPU
	EndGlobalSection
	GlobalSection(ProjectConfigurationPlatforms) = postSolution
		{15A58431-AB80-49AC-9723-9CE0A94829CD}.Debug|Any CPU.ActiveCfg = Debug|Any CPU
		{15A58431-AB80-49AC-9723-9CE0A94829CD}.Debug|Any CPU.Build.0 = Debug|Any CPU
		{15A58431-AB80-49AC-9723-9CE0A94829CD}.Release|Any CPU.ActiveCfg = Release|Any CPU
		{15A58431-AB80-49AC-9723-9CE0A94829CD}.Release|Any CPU.Build.0 = Release|Any CPU
		{5ACC041C-77AD-49FE-8662-6150BEDCDAAF}.Debug|Any CPU.ActiveCfg = Debug|Any CPU
		{5ACC041C-77AD-49FE-8662-6150BEDCDAAF}.Debug|Any CPU.Build.0 = Debug|Any CPU
		{5ACC041C-77AD-49FE-8662-6150BEDCDAAF}.Release|Any CPU.ActiveCfg = Release|Any CPU
		{5ACC041C-77AD-49FE-8662-6150BEDCDAAF}.Release|Any CPU.Build.0 = Release|Any CPU
		{FD1F209C-BDCF-45D0-93C7-6DFF67E6DAA5}.Debug|Any CPU.ActiveCfg = Debug|Any CPU
		{FD1F209C-BDCF-45D0-93C7-6DFF67E6DAA5}.Debug|Any CPU.Build.0 = Debug|Any CPU
		{FD1F209C-BDCF-45D0-93C7-6DFF67E6DAA5}.Release|Any CPU.ActiveCfg = Release|Any CPU
		{FD1F209C-BDCF-45D0-93C7-6DFF67E6DAA5}.Release|Any CPU.Build.0 = Release|Any CPU
		{E840D3D2-1537-45E7-8A8B-FBA89CECD26A}.Debug|Any CPU.ActiveCfg = Debug|Any CPU
		{E840D3D2-1537-45E7-8A8B-FBA89CECD26A}.Debug|Any CPU.Build.0 = Debug|Any CPU
		{E840D3D2-1537-45E7-8A8B-FBA89CECD26A}.Release|Any CPU.ActiveCfg = Release|Any CPU
		{E840D3D2-1537-45E7-8A8B-FBA89CECD26A}.Release|Any CPU.Build.0 = Release|Any CPU
		{4CBBCBE8-82E3-4770-8AD3-372C0EC327F9}.Debug|Any CPU.ActiveCfg = Debug|Any CPU
		{4CBBCBE8-82E3-4770-8AD3-372C0EC327F9}.Debug|Any CPU.Build.0 = Debug|Any CPU
		{4CBBCBE8-82E3-4770-8AD3-372C0EC327F9}.Release|Any CPU.ActiveCfg = Release|Any CPU
		{4CBBCBE8-82E3-4770-8AD3-372C0EC327F9}.Release|Any CPU.Build.0 = Release|Any CPU
		{C14FF410-585F-4064-802E-28035C7E547D}.Debug|Any CPU.ActiveCfg = Debug|Any CPU
		{C14FF410-585F-4064-802E-28035C7E547D}.Debug|Any CPU.Build.0 = Debug|Any CPU
		{C14FF410-585F-4064-802E-28035C7E547D}.Release|Any CPU.ActiveCfg = Release|Any CPU
		{C14FF410-585F-4064-802E-28035C7E547D}.Release|Any CPU.Build.0 = Release|Any CPU
	EndGlobalSection
	GlobalSection(SolutionProperties) = preSolution
		HideSolutionNode = FALSE
	EndGlobalSection
	GlobalSection(ExtensibilityGlobals) = postSolution
		SolutionGuid = {811A58FD-2530-477F-BE49-AEF056B1F52C}
	EndGlobalSection
EndGlobal
